
Microsoft Visual Studio Solution File, Format Version 12.00
# Visual Studio Version 16
VisualStudioVersion = 16.0.30804.86
MinimumVisualStudioVersion = 10.0.40219.1
Project("{FAE04EC0-301F-11D3-BF4B-00C04F79EFBC}") = "ClassMetotDemo", "ClassMetotDemo\ClassMetotDemo.csproj", "{23256892-A904-4152-8861-E8F207B6379C}"
EndProject
Global
	GlobalSection(SolutionConfigurationPlatforms) = preSolution
		Debug|Any CPU = Debug|Any CPU
		Release|Any CPU = Release|Any CPU
	EndGlobalSection
	GlobalSection(ProjectConfigurationPlatforms) = postSolution
		{23256892-A904-4152-8861-E8F207B6379C}.Debug|Any CPU.ActiveCfg = Debug|Any CPU
		{23256892-A904-4152-8861-E8F207B6379C}.Debug|Any CPU.Build.0 = Debug|Any CPU
		{23256892-A904-4152-8861-E8F207B6379C}.Release|Any CPU.ActiveCfg = Release|Any CPU
		{23256892-A904-4152-8861-E8F207B6379C}.Release|Any CPU.Build.0 = Release|Any CPU
	EndGlobalSection
	GlobalSection(SolutionProperties) = preSolution
		HideSolutionNode = FALSE
	EndGlobalSection
	GlobalSection(ExtensibilityGlobals) = postSolution
		SolutionGuid = {1EBEA7A9-4482-4884-BC30-F3756124D106}
	EndGlobalSection
EndGlobal
